
Microsoft Visual Studio Solution File, Format Version 12.00
# Visual Studio Version 16
VisualStudioVersion = 16.0.30523.141
MinimumVisualStudioVersion = 10.0.40219.1
Project("{FAE04EC0-301F-11D3-BF4B-00C04F79EFBC}") = "PracticaMAP4Desktop", "PracticaMAP4Desktop\PracticaMAP4Desktop.csproj", "{82EDD08C-C1C8-45CD-AFFF-8C5A27540A6C}"
EndProject
Global
	GlobalSection(SolutionConfigurationPlatforms) = preSolution
		Debug|Any CPU = Debug|Any CPU
		Release|Any CPU = Release|Any CPU
	EndGlobalSection
	GlobalSection(ProjectConfigurationPlatforms) = postSolution
		{82EDD08C-C1C8-45CD-AFFF-8C5A27540A6C}.Debug|Any CPU.ActiveCfg = Debug|Any CPU
		{82EDD08C-C1C8-45CD-AFFF-8C5A27540A6C}.Debug|Any CPU.Build.0 = Debug|Any CPU
		{82EDD08C-C1C8-45CD-AFFF-8C5A27540A6C}.Release|Any CPU.ActiveCfg = Release|Any CPU
		{82EDD08C-C1C8-45CD-AFFF-8C5A27540A6C}.Release|Any CPU.Build.0 = Release|Any CPU
	EndGlobalSection
	GlobalSection(SolutionProperties) = preSolution
		HideSolutionNode = FALSE
	EndGlobalSection
	GlobalSection(ExtensibilityGlobals) = postSolution
		SolutionGuid = {316F081B-459D-47B1-9A84-B14085CFEC3C}
	EndGlobalSection
EndGlobal
